
Microsoft Visual Studio Solution File, Format Version 12.00
# Visual Studio Version 17
VisualStudioVersion = 17.4.33122.133
MinimumVisualStudioVersion = 10.0.40219.1
Project("{FAE04EC0-301F-11D3-BF4B-00C04F79EFBC}") = "TestServer", "TestServer\TestServer.csproj", "{E823D886-9D22-420E-A031-68C888D5803B}"
EndProject
Project("{FAE04EC0-301F-11D3-BF4B-00C04F79EFBC}") = "SimpleConnection", "SimpleConnection\SimpleConnection.csproj", "{1B4E8715-BD9F-47B1-8DFB-E491DBF10A4F}"
EndProject
Project("{FAE04EC0-301F-11D3-BF4B-00C04F79EFBC}") = "TestClient", "TestClient\TestClient.csproj", "{DF95B17A-3EA7-444E-BA33-EE95296521E7}"
EndProject
Global
	GlobalSection(SolutionConfigurationPlatforms) = preSolution
		Debug|Any CPU = Debug|Any CPU
		Release|Any CPU = Release|Any CPU
	EndGlobalSection
	GlobalSection(ProjectConfigurationPlatforms) = postSolution
		{E823D886-9D22-420E-A031-68C888D5803B}.Debug|Any CPU.ActiveCfg = Debug|Any CPU
		{E823D886-9D22-420E-A031-68C888D5803B}.Debug|Any CPU.Build.0 = Debug|Any CPU
		{E823D886-9D22-420E-A031-68C888D5803B}.Release|Any CPU.ActiveCfg = Release|Any CPU
		{E823D886-9D22-420E-A031-68C888D5803B}.Release|Any CPU.Build.0 = Release|Any CPU
		{1B4E8715-BD9F-47B1-8DFB-E491DBF10A4F}.Debug|Any CPU.ActiveCfg = Debug|Any CPU
		{1B4E8715-BD9F-47B1-8DFB-E491DBF10A4F}.Debug|Any CPU.Build.0 = Debug|Any CPU
		{1B4E8715-BD9F-47B1-8DFB-E491DBF10A4F}.Release|Any CPU.ActiveCfg = Release|Any CPU
		{1B4E8715-BD9F-47B1-8DFB-E491DBF10A4F}.Release|Any CPU.Build.0 = Release|Any CPU
		{DF95B17A-3EA7-444E-BA33-EE95296521E7}.Debug|Any CPU.ActiveCfg = Debug|Any CPU
		{DF95B17A-3EA7-444E-BA33-EE95296521E7}.Debug|Any CPU.Build.0 = Debug|Any CPU
		{DF95B17A-3EA7-444E-BA33-EE95296521E7}.Release|Any CPU.ActiveCfg = Release|Any CPU
		{DF95B17A-3EA7-444E-BA33-EE95296521E7}.Release|Any CPU.Build.0 = Release|Any CPU
	EndGlobalSection
	GlobalSection(SolutionProperties) = preSolution
		HideSolutionNode = FALSE
	EndGlobalSection
	GlobalSection(ExtensibilityGlobals) = postSolution
		SolutionGuid = {72D7A7E5-3252-49B0-9AFA-1579F2DD49A4}
	EndGlobalSection
EndGlobal
